
Microsoft Visual Studio Solution File, Format Version 12.00
# Visual Studio Version 17
VisualStudioVersion = 17.3.32922.545
MinimumVisualStudioVersion = 10.0.40219.1
Project("{9A19103F-16F7-4668-BE54-9A1E7A4F7556}") = "AutoSynchService", "AutoSynchService\AutoSynchService.csproj", "{489AE3FA-7F8C-48BE-9C3D-02C1E253779C}"
EndProject
Project("{9A19103F-16F7-4668-BE54-9A1E7A4F7556}") = "AutoSynchSqlServer", "AutoSynchSqlServer\AutoSynchSqlServer.csproj", "{8C25EBC7-D9BA-485B-9359-433D3AADC57C}"
EndProject
Project("{9A19103F-16F7-4668-BE54-9A1E7A4F7556}") = "AutoSynchAPI", "AutoSynchAPI\AutoSynchAPI.csproj", "{652D4C10-2DCD-4A73-B1DF-65B362CCC778}"
EndProject
Project("{9A19103F-16F7-4668-BE54-9A1E7A4F7556}") = "AutoSynchSqlite", "AutoSynchSqlite\AutoSynchSqlite.csproj", "{A2AAA1D0-974D-4611-8575-590DE2D4AAF0}"
EndProject
Project("{9A19103F-16F7-4668-BE54-9A1E7A4F7556}") = "AutoSynchFtp", "AutoSynchFtp\AutoSynchFtp.csproj", "{3DB688F1-AA92-43F8-AF59-62C5FFB9F03C}"
EndProject
Project("{FAE04EC0-301F-11D3-BF4B-00C04F79EFBC}") = "PrintingService", "PrintingService\PrintingService.csproj", "{08390C6C-7639-4CE0-8DDB-8301BF32CBDE}"
EndProject
Project("{FAE04EC0-301F-11D3-BF4B-00C04F79EFBC}") = "AutoSynchSqlServerLocal", "AutoSynchSqlServerLocal\AutoSynchSqlServerLocal.csproj", "{066EC6C7-F90B-4B9D-A097-BE190EBEC3CE}"
EndProject
Global
	GlobalSection(SolutionConfigurationPlatforms) = preSolution
		Debug|Any CPU = Debug|Any CPU
		Release|Any CPU = Release|Any CPU
	EndGlobalSection
	GlobalSection(ProjectConfigurationPlatforms) = postSolution
		{489AE3FA-7F8C-48BE-9C3D-02C1E253779C}.Debug|Any CPU.ActiveCfg = Debug|Any CPU
		{489AE3FA-7F8C-48BE-9C3D-02C1E253779C}.Debug|Any CPU.Build.0 = Debug|Any CPU
		{489AE3FA-7F8C-48BE-9C3D-02C1E253779C}.Release|Any CPU.ActiveCfg = Release|Any CPU
		{489AE3FA-7F8C-48BE-9C3D-02C1E253779C}.Release|Any CPU.Build.0 = Release|Any CPU
		{8C25EBC7-D9BA-485B-9359-433D3AADC57C}.Debug|Any CPU.ActiveCfg = Debug|Any CPU
		{8C25EBC7-D9BA-485B-9359-433D3AADC57C}.Debug|Any CPU.Build.0 = Debug|Any CPU
		{8C25EBC7-D9BA-485B-9359-433D3AADC57C}.Release|Any CPU.ActiveCfg = Release|Any CPU
		{8C25EBC7-D9BA-485B-9359-433D3AADC57C}.Release|Any CPU.Build.0 = Release|Any CPU
		{652D4C10-2DCD-4A73-B1DF-65B362CCC778}.Debug|Any CPU.ActiveCfg = Debug|Any CPU
		{652D4C10-2DCD-4A73-B1DF-65B362CCC778}.Debug|Any CPU.Build.0 = Debug|Any CPU
		{652D4C10-2DCD-4A73-B1DF-65B362CCC778}.Release|Any CPU.ActiveCfg = Release|Any CPU
		{652D4C10-2DCD-4A73-B1DF-65B362CCC778}.Release|Any CPU.Build.0 = Release|Any CPU
		{A2AAA1D0-974D-4611-8575-590DE2D4AAF0}.Debug|Any CPU.ActiveCfg = Debug|Any CPU
		{A2AAA1D0-974D-4611-8575-590DE2D4AAF0}.Debug|Any CPU.Build.0 = Debug|Any CPU
		{A2AAA1D0-974D-4611-8575-590DE2D4AAF0}.Release|Any CPU.ActiveCfg = Release|Any CPU
		{A2AAA1D0-974D-4611-8575-590DE2D4AAF0}.Release|Any CPU.Build.0 = Release|Any CPU
		{3DB688F1-AA92-43F8-AF59-62C5FFB9F03C}.Debug|Any CPU.ActiveCfg = Debug|Any CPU
		{3DB688F1-AA92-43F8-AF59-62C5FFB9F03C}.Debug|Any CPU.Build.0 = Debug|Any CPU
		{3DB688F1-AA92-43F8-AF59-62C5FFB9F03C}.Release|Any CPU.ActiveCfg = Release|Any CPU
		{3DB688F1-AA92-43F8-AF59-62C5FFB9F03C}.Release|Any CPU.Build.0 = Release|Any CPU
		{08390C6C-7639-4CE0-8DDB-8301BF32CBDE}.Debug|Any CPU.ActiveCfg = Debug|Any CPU
		{08390C6C-7639-4CE0-8DDB-8301BF32CBDE}.Debug|Any CPU.Build.0 = Debug|Any CPU
		{08390C6C-7639-4CE0-8DDB-8301BF32CBDE}.Release|Any CPU.ActiveCfg = Release|Any CPU
		{08390C6C-7639-4CE0-8DDB-8301BF32CBDE}.Release|Any CPU.Build.0 = Release|Any CPU
		{066EC6C7-F90B-4B9D-A097-BE190EBEC3CE}.Debug|Any CPU.ActiveCfg = Debug|Any CPU
		{066EC6C7-F90B-4B9D-A097-BE190EBEC3CE}.Debug|Any CPU.Build.0 = Debug|Any CPU
		{066EC6C7-F90B-4B9D-A097-BE190EBEC3CE}.Release|Any CPU.ActiveCfg = Release|Any CPU
		{066EC6C7-F90B-4B9D-A097-BE190EBEC3CE}.Release|Any CPU.Build.0 = Release|Any CPU
	EndGlobalSection
	GlobalSection(SolutionProperties) = preSolution
		HideSolutionNode = FALSE
	EndGlobalSection
	GlobalSection(ExtensibilityGlobals) = postSolution
		SolutionGuid = {FF6039B0-E13D-468B-AA1C-A8908577E47E}
	EndGlobalSection
EndGlobal
